{
  "nodes": {
    "nixpkgs": {
      "locked": {
        "lastModified": 1716793392,
        "narHash": "sha256-ex3nO87EEQhshXd19QSVW5UIXL0pbPuew4q8TdEJQBY=",
        "owner": "NixOS",
        "repo": "nixpkgs",
        "rev": "67a8b308bae9c26be660ccceff3e53a65e01afe1",
        "type": "github"
      },
      "original": {
        "owner": "NixOS",
        "ref": "nixos-24.05",
        "repo": "nixpkgs",
        "type": "github"
      }
    },
    "root": {
      "inputs": {
        "nixpkgs": "nixpkgs"
      }
    }
  },
  "root": "root",
  "version": 7
}
